
Microsoft Visual Studio Solution File, Format Version 12.00
# Visual Studio Version 16
VisualStudioVersion = 16.0.29123.88
MinimumVisualStudioVersion = 10.0.40219.1
Project("{FAE04EC0-301F-11D3-BF4B-00C04F79EFBC}") = "xadrez", "xadrez\xadrez.csproj", "{692A25F1-B628-4F9E-9C2E-57E050BF5CDB}"
EndProject
Global
	GlobalSection(SolutionConfigurationPlatforms) = preSolution
		Debug|Any CPU = Debug|Any CPU
		Release|Any CPU = Release|Any CPU
	EndGlobalSection
	GlobalSection(ProjectConfigurationPlatforms) = postSolution
		{692A25F1-B628-4F9E-9C2E-57E050BF5CDB}.Debug|Any CPU.ActiveCfg = Debug|Any CPU
		{692A25F1-B628-4F9E-9C2E-57E050BF5CDB}.Debug|Any CPU.Build.0 = Debug|Any CPU
		{692A25F1-B628-4F9E-9C2E-57E050BF5CDB}.Release|Any CPU.ActiveCfg = Release|Any CPU
		{692A25F1-B628-4F9E-9C2E-57E050BF5CDB}.Release|Any CPU.Build.0 = Release|Any CPU
	EndGlobalSection
	GlobalSection(SolutionProperties) = preSolution
		HideSolutionNode = FALSE
	EndGlobalSection
	GlobalSection(ExtensibilityGlobals) = postSolution
		SolutionGuid = {19781238-9D37-4A89-9C8E-5B957889DF72}
	EndGlobalSection
EndGlobal
